// !$*UTF8*$!
{
	archiveVersion = 1;
	classes = {
	};
	objectVersion = 46;
	objects = {

/* Begin PBXBuildFile section */
		876CA4D41C8B71A2000E4991 /* AppDelegate.swift in Sources */ = {isa = PBXBuildFile; fileRef = 876CA4D31C8B71A2000E4991 /* AppDelegate.swift */; };
		876CA4D61C8B71A2000E4991 /* ViewController.swift in Sources */ = {isa = PBXBuildFile; fileRef = 876CA4D51C8B71A2000E4991 /* ViewController.swift */; };
		876CA4D91C8B71A2000E4991 /* Main.storyboard in Resources */ = {isa = PBXBuildFile; fileRef = 876CA4D71C8B71A2000E4991 /* Main.storyboard */; };
		876CA4DB1C8B71A2000E4991 /* Assets.xcassets in Resources */ = {isa = PBXBuildFile; fileRef = 876CA4DA1C8B71A2000E4991 /* Assets.xcassets */; };
		876CA4DE1C8B71A2000E4991 /* LaunchScreen.storyboard in Resources */ = {isa = PBXBuildFile; fileRef = 876CA4DC1C8B71A2000E4991 /* LaunchScreen.storyboard */; };
		876CA4E91C8B71A3000E4991 /* Click_CounterTests.swift in Sources */ = {isa = PBXBuildFile; fileRef = 876CA4E81C8B71A3000E4991 /* Click_CounterTests.swift */; };
		876CA4F41C8B71A3000E4991 /* Click_CounterUITests.swift in Sources */ = {isa = PBXBuildFile; fileRef = 876CA4F31C8B71A3000E4991 /* Click_CounterUITests.swift */; };
/* End PBXBuildFile section */

/* Begin PBXContainerItemProxy section */
		876CA4E51C8B71A3000E4991 /* PBXContainerItemProxy */ = {
			isa = PBXContainerItemProxy;
			containerPortal = 876CA4C81C8B71A2000E4991 /* Project object */;
			proxyType = 1;
			remoteGlobalIDString = 876CA4CF1C8B71A2000E4991;
			remoteInfo = "Click Counter";
		};
		876CA4F01C8B71A3000E4991 /* PBXContainerItemProxy */ = {
			isa = PBXContainerItemProxy;
			containerPortal = 876CA4C81C8B71A2000E4991 /* Project object */;
			proxyType = 1;
			remoteGlobalIDString = 876CA4CF1C8B71A2000E4991;
			remoteInfo = "Click Counter";
		};
/* End PBXContainerItemProxy section */

/* Begin PBXFileReference section */
		876CA4D01C8B71A2000E4991 /* Click Counter.app */ = {isa = PBXFileReference; explicitFileType = wrapper.application; includeInIndex = 0; path = "Click Counter.app"; sourceTree = BUILT_PRODUCTS_DIR; };
		876CA4D31C8B71A2000E4991 /* AppDelegate.swift */ = {isa = PBXFileReference; lastKnownFileType = sourcecode.swift; path = AppDelegate.swift; sourceTree = "<group>"; };
		876CA4D51C8B71A2000E4991 /* ViewController.swift */ = {isa = PBXFileReference; lastKnownFileType = sourcecode.swift; path = ViewController.swift; sourceTree = "<group>"; };
		876CA4D81C8B71A2000E4991 /* Base */ = {isa = PBXFileReference; lastKnownFileType = file.storyboard; name = Base; path = Base.lproj/Main.storyboard; sourceTree = "<group>"; };
		876CA4DA1C8B71A2000E4991 /* Assets.xcassets */ = {isa = PBXFileReference; lastKnownFileType = folder.assetcatalog; path = Assets.xcassets; sourceTree = "<group>"; };
		876CA4DD1C8B71A2000E4991 /* Base */ = {isa = PBXFileReference; lastKnownFileType = file.storyboard; name = Base; path = Base.lproj/LaunchScreen.storyboard; sourceTree = "<group>"; };
		876CA4DF1C8B71A2000E4991 /* Info.plist */ = {isa = PBXFileReference; lastKnownFileType = text.plist.xml; path = Info.plist; sourceTree = "<group>"; };
		876CA4E41C8B71A3000E4991 /* Click CounterTests.xctest */ = {isa = PBXFileReference; explicitFileType = wrapper.cfbundle; includeInIndex = 0; path = "Click CounterTests.xctest"; sourceTree = BUILT_PRODUCTS_DIR; };
		876CA4E81C8B71A3000E4991 /* Click_CounterTests.swift */ = {isa = PBXFileReference; lastKnownFileType = sourcecode.swift; path = Click_CounterTests.swift; sourceTree = "<group>"; };
		876CA4EA1C8B71A3000E4991 /* Info.plist */ = {isa = PBXFileReference; lastKnownFileType = text.plist.xml; path = Info.plist; sourceTree = "<group>"; };
		876CA4EF1C8B71A3000E4991 /* Click CounterUITests.xctest */ = {isa = PBXFileReference; explicitFileType = wrapper.cfbundle; includeInIndex = 0; path = "Click CounterUITests.xctest"; sourceTree = BUILT_PRODUCTS_DIR; };
		876CA4F31C8B71A3000E4991 /* Click_CounterUITests.swift */ = {isa = PBXFileReference; lastKnownFileType = sourcecode.swift; path = Click_CounterUITests.swift; sourceTree = "<group>"; };
		876CA4F51C8B71A3000E4991 /* Info.plist */ = {isa = PBXFileReference; lastKnownFileType = text.plist.xml; path = Info.plist; sourceTree = "<group>"; };
/* End PBXFileReference section */

/* Begin PBXFrameworksBuildPhase section */
		876CA4CD1C8B71A2000E4991 /* Frameworks */ = {
			isa = PBXFrameworksBuildPhase;
			buildActionMask = 2147483647;
			files = (
			);
			runOnlyForDeploymentPostprocessing = 0;
		};
		876CA4E11C8B71A3000E4991 /* Frameworks */ = {
			isa = PBXFrameworksBuildPhase;
			buildActionMask = 2147483647;
			files = (
			);
			runOnlyForDeploymentPostprocessing = 0;
		};
		876CA4EC1C8B71A3000E4991 /* Frameworks */ = {
			isa = PBXFrameworksBuildPhase;
			buildActionMask = 2147483647;
			files = (
			);
			runOnlyForDeploymentPostprocessing = 0;
		};
/* End PBXFrameworksBuildPhase section */

/* Begin PBXGroup section */
		876CA4C71C8B71A2000E4991 = {
			isa = PBXGroup;
			children = (
				876CA4D21C8B71A2000E4991 /* Click Counter */,
				876CA4E71C8B71A3000E4991 /* Click CounterTests */,
				876CA4F21C8B71A3000E4991 /* Click CounterUITests */,
				876CA4D11C8B71A2000E4991 /* Products */,
			);
			sourceTree = "<group>";
		};
		876CA4D11C8B71A2000E4991 /* Products */ = {
			isa = PBXGroup;
			children = (
				876CA4D01C8B71A2000E4991 /* Click Counter.app */,
				876CA4E41C8B71A3000E4991 /* Click CounterTests.xctest */,
				876CA4EF1C8B71A3000E4991 /* Click CounterUITests.xctest */,
			);
			name = Products;
			sourceTree = "<group>";
		};
		876CA4D21C8B71A2000E4991 /* Click Counter */ = {
			isa = PBXGroup;
			children = (
				876CA4D31C8B71A2000E4991 /* AppDelegate.swift */,
				876CA4D51C8B71A2000E4991 /* ViewController.swift */,
				876CA4D71C8B71A2000E4991 /* Main.storyboard */,
				876CA4DA1C8B71A2000E4991 /* Assets.xcassets */,
				876CA4DC1C8B71A2000E4991 /* LaunchScreen.storyboard */,
				876CA4DF1C8B71A2000E4991 /* Info.plist */,
			);
			path = "Click Counter";
			sourceTree = "<group>";
		};
		876CA4E71C8B71A3000E4991 /* Click CounterTests */ = {
			isa = PBXGroup;
			children = (
				876CA4E81C8B71A3000E4991 /* Click_CounterTests.swift */,
				876CA4EA1C8B71A3000E4991 /* Info.plist */,
			);
			path = "Click CounterTests";
			sourceTree = "<group>";
		};
		876CA4F21C8B71A3000E4991 /* Click CounterUITests */ = {
			isa = PBXGroup;
			children = (
				876CA4F31C8B71A3000E4991 /* Click_CounterUITests.swift */,
				876CA4F51C8B71A3000E4991 /* Info.plist */,
			);
			path = "Click CounterUITests";
			sourceTree = "<group>";
		};
/* End PBXGroup section */

/* Begin PBXNativeTarget section */
		876CA4CF1C8B71A2000E4991 /* Click Counter */ = {
			isa = PBXNativeTarget;
			buildConfigurationList = 876CA4F81C8B71A3000E4991 /* Build configuration list for PBXNativeTarget "Click Counter" */;
			buildPhases = (
				876CA4CC1C8B71A2000E4991 /* Sources */,
				876CA4CD1C8B71A2000E4991 /* Frameworks */,
				876CA4CE1C8B71A2000E4991 /* Resources */,
			);
			buildRules = (
			);
			dependencies = (
			);
			name = "Click Counter";
			productName = "Click Counter";
			productReference = 876CA4D01C8B71A2000E4991 /* Click Counter.app */;
			productType = "com.apple.product-type.application";
		};
		876CA4E31C8B71A3000E4991 /* Click CounterTests */ = {
			isa = PBXNativeTarget;
			buildConfigurationList = 876CA4FB1C8B71A3000E4991 /* Build configuration list for PBXNativeTarget "Click CounterTests" */;
			buildPhases = (
				876CA4E01C8B71A3000E4991 /* Sources */,
				876CA4E11C8B71A3000E4991 /* Frameworks */,
				876CA4E21C8B71A3000E4991 /* Resources */,
			);
			buildRules = (
			);
			dependencies = (
				876CA4E61C8B71A3000E4991 /* PBXTargetDependency */,
			);
			name = "Click CounterTests";
			productName = "Click CounterTests";
			productReference = 876CA4E41C8B71A3000E4991 /* Click CounterTests.xctest */;
			productType = "com.apple.product-type.bundle.unit-test";
		};
		876CA4EE1C8B71A3000E4991 /* Click CounterUITests */ = {
			isa = PBXNativeTarget;
			buildConfigurationList = 876CA4FE1C8B71A3000E4991 /* Build configuration list for PBXNativeTarget "Click CounterUITests" */;
			buildPhases = (
				876CA4EB1C8B71A3000E4991 /* Sources */,
				876CA4EC1C8B71A3000E4991 /* Frameworks */,
				876CA4ED1C8B71A3000E4991 /* Resources */,
			);
			buildRules = (
			);
			dependencies = (
				876CA4F11C8B71A3000E4991 /* PBXTargetDependency */,
			);
			name = "Click CounterUITests";
			productName = "Click CounterUITests";
			productReference = 876CA4EF1C8B71A3000E4991 /* Click CounterUITests.xctest */;
			productType = "com.apple.product-type.bundle.ui-testing";
		};
/* End PBXNativeTarget section */

/* Begin PBXProject section */
		876CA4C81C8B71A2000E4991 /* Project object */ = {
			isa = PBXProject;
			attributes = {
				LastSwiftUpdateCheck = 0710;
				LastUpgradeCheck = 0710;
				ORGANIZATIONNAME = Souji;
				TargetAttributes = {
					876CA4CF1C8B71A2000E4991 = {
						CreatedOnToolsVersion = 7.1;
					};
					876CA4E31C8B71A3000E4991 = {
						CreatedOnToolsVersion = 7.1;
						TestTargetID = 876CA4CF1C8B71A2000E4991;
					};
					876CA4EE1C8B71A3000E4991 = {
						CreatedOnToolsVersion = 7.1;
						TestTargetID = 876CA4CF1C8B71A2000E4991;
					};
				};
			};
			buildConfigurationList = 876CA4CB1C8B71A2000E4991 /* Build configuration list for PBXProject "Click Counter" */;
			compatibilityVersion = "Xcode 3.2";
			developmentRegion = English;
			hasScannedForEncodings = 0;
			knownRegions = (
				en,
				Base,
			);
			mainGroup = 876CA4C71C8B71A2000E4991;
			productRefGroup = 876CA4D11C8B71A2000E4991 /* Products */;
			projectDirPath = "";
			projectRoot = "";
			targets = (
				876CA4CF1C8B71A2000E4991 /* Click Counter */,
				876CA4E31C8B71A3000E4991 /* Click CounterTests */,
				876CA4EE1C8B71A3000E4991 /* Click CounterUITests */,
			);
		};
/* End PBXProject section */

/* Begin PBXResourcesBuildPhase section */
		876CA4CE1C8B71A2000E4991 /* Resources */ = {
			isa = PBXResourcesBuildPhase;
			buildActionMask = 2147483647;
			files = (
				876CA4DE1C8B71A2000E4991 /* LaunchScreen.storyboard in Resources */,
				876CA4DB1C8B71A2000E4991 /* Assets.xcassets in Resources */,
				876CA4D91C8B71A2000E4991 /* Main.storyboard in Resources */,
			);
			runOnlyForDeploymentPostprocessing = 0;
		};
		876CA4E21C8B71A3000E4991 /* Resources */ = {
			isa = PBXResourcesBuildPhase;
			buildActionMask = 2147483647;
			files = (
			);
			runOnlyForDeploymentPostprocessing = 0;
		};
		876CA4ED1C8B71A3000E4991 /* Resources */ = {
			isa = PBXResourcesBuildPhase;
			buildActionMask = 2147483647;
			files = (
			);
			runOnlyForDeploymentPostprocessing = 0;
		};
/* End PBXResourcesBuildPhase section */

/* Begin PBXSourcesBuildPhase section */
		876CA4CC1C8B71A2000E4991 /* Sources */ = {
			isa = PBXSourcesBuildPhase;
			buildActionMask = 2147483647;
			files = (
				876CA4D61C8B71A2000E4991 /* ViewController.swift in Sources */,
				876CA4D41C8B71A2000E4991 /* AppDelegate.swift in Sources */,
			);
			runOnlyForDeploymentPostprocessing = 0;
		};
		876CA4E01C8B71A3000E4991 /* Sources */ = {
			isa = PBXSourcesBuildPhase;
			buildActionMask = 2147483647;
			files = (
				876CA4E91C8B71A3000E4991 /* Click_CounterTests.swift in Sources */,
			);
			runOnlyForDeploymentPostprocessing = 0;
		};
		876CA4EB1C8B71A3000E4991 /* Sources */ = {
			isa = PBXSourcesBuildPhase;
			buildActionMask = 2147483647;
			files = (
				876CA4F41C8B71A3000E4991 /* Click_CounterUITests.swift in Sources */,
			);
			runOnlyForDeploymentPostprocessing = 0;
		};
/* End PBXSourcesBuildPhase section */

/* Begin PBXTargetDependency section */
		876CA4E61C8B71A3000E4991 /* PBXTargetDependency */ = {
			isa = PBXTargetDependency;
			target = 876CA4CF1C8B71A2000E4991 /* Click Counter */;
			targetProxy = 876CA4E51C8B71A3000E4991 /* PBXContainerItemProxy */;
		};
		876CA4F11C8B71A3000E4991 /* PBXTargetDependency */ = {
			isa = PBXTargetDependency;
			target = 876CA4CF1C8B71A2000E4991 /* Click Counter */;
			targetProxy = 876CA4F01C8B71A3000E4991 /* PBXContainerItemProxy */;
		};
/* End PBXTargetDependency section */

/* Begin PBXVariantGroup section */
		876CA4D71C8B71A2000E4991 /* Main.storyboard */ = {
			isa = PBXVariantGroup;
			children = (
				876CA4D81C8B71A2000E4991 /* Base */,
			);
			name = Main.storyboard;
			sourceTree = "<group>";
		};
		876CA4DC1C8B71A2000E4991 /* LaunchScreen.storyboard */ = {
			isa = PBXVariantGroup;
			children = (
				876CA4DD1C8B71A2000E4991 /* Base */,
			);
			name = LaunchScreen.storyboard;
			sourceTree = "<group>";
		};
/* End PBXVariantGroup section */

/* Begin XCBuildConfiguration section */
		876CA4F61C8B71A3000E4991 /* Debug */ = {
			isa = XCBuildConfiguration;
			buildSettings = {
				ALWAYS_SEARCH_USER_PATHS = NO;
				CLANG_CXX_LANGUAGE_STANDARD = "gnu++0x";
				CLANG_CXX_LIBRARY = "libc++";
				CLANG_ENABLE_MODULES = YES;
				CLANG_ENABLE_OBJC_ARC = YES;
				CLANG_WARN_BOOL_CONVERSION = YES;
				CLANG_WARN_CONSTANT_CONVERSION = YES;
				CLANG_WARN_DIRECT_OBJC_ISA_USAGE = YES_ERROR;
				CLANG_WARN_EMPTY_BODY = YES;
				CLANG_WARN_ENUM_CONVERSION = YES;
				CLANG_WARN_INT_CONVERSION = YES;
				CLANG_WARN_OBJC_ROOT_CLASS = YES_ERROR;
				CLANG_WARN_UNREACHABLE_CODE = YES;
				CLANG_WARN__DUPLICATE_METHOD_MATCH = YES;
				"CODE_SIGN_IDENTITY[sdk=iphoneos*]" = "iPhone Developer";
				COPY_PHASE_STRIP = NO;
				DEBUG_INFORMATION_FORMAT = dwarf;
				ENABLE_STRICT_OBJC_MSGSEND = YES;
				ENABLE_TESTABILITY = YES;
				GCC_C_LANGUAGE_STANDARD = gnu99;
				GCC_DYNAMIC_NO_PIC = NO;
				GCC_NO_COMMON_BLOCKS = YES;
				GCC_OPTIMIZATION_LEVEL = 0;
				GCC_PREPROCESSOR_DEFINITIONS = (
					"DEBUG=1",
					"$(inherited)",
				);
				GCC_WARN_64_TO_32_BIT_CONVERSION = YES;
				GCC_WARN_ABOUT_RETURN_TYPE = YES_ERROR;
				GCC_WARN_UNDECLARED_SELECTOR = YES;
				GCC_WARN_UNINITIALIZED_AUTOS = YES_AGGRESSIVE;
				GCC_WARN_UNUSED_FUNCTION = YES;
				GCC_WARN_UNUSED_VARIABLE = YES;
				IPHONEOS_DEPLOYMENT_TARGET = 9.1;
				MTL_ENABLE_DEBUG_INFO = YES;
				ONLY_ACTIVE_ARCH = YES;
				SDKROOT = iphoneos;
				SWIFT_OPTIMIZATION_LEVEL = "-Onone";
			};
			name = Debug;
		};
		876CA4F71C8B71A3000E4991 /* Release */ = {
			isa = XCBuildConfiguration;
			buildSettings = {
				ALWAYS_SEARCH_USER_PATHS = NO;
				CLANG_CXX_LANGUAGE_STANDARD = "gnu++0x";
				CLANG_CXX_LIBRARY = "libc++";
				CLANG_ENABLE_MODULES = YES;
				CLANG_ENABLE_OBJC_ARC = YES;
				CLANG_WARN_BOOL_CONVERSION = YES;
				CLANG_WARN_CONSTANT_CONVERSION = YES;
				CLANG_WARN_DIRECT_OBJC_ISA_USAGE = YES_ERROR;
				CLANG_WARN_EMPTY_BODY = YES;
				CLANG_WARN_ENUM_CONVERSION = YES;
				CLANG_WARN_INT_CONVERSION = YES;
				CLANG_WARN_OBJC_ROOT_CLASS = YES_ERROR;
				CLANG_WARN_UNREACHABLE_CODE = YES;
				CLANG_WARN__DUPLICATE_METHOD_MATCH = YES;
				"CODE_SIGN_IDENTITY[sdk=iphoneos*]" = "iPhone Developer";
				COPY_PHASE_STRIP = NO;
				DEBUG_INFORMATION_FORMAT = "dwarf-with-dsym";
				ENABLE_NS_ASSERTIONS = NO;
				ENABLE_STRICT_OBJC_MSGSEND = YES;
				GCC_C_LANGUAGE_STANDARD = gnu99;
				GCC_NO_COMMON_BLOCKS = YES;
				GCC_WARN_64_TO_32_BIT_CONVERSION = YES;
				GCC_WARN_ABOUT_RETURN_TYPE = YES_ERROR;
				GCC_WARN_UNDECLARED_SELECTOR = YES;
				GCC_WARN_UNINITIALIZED_AUTOS = YES_AGGRESSIVE;
				GCC_WARN_UNUSED_FUNCTION = YES;
				GCC_WARN_UNUSED_VARIABLE = YES;
				IPHONEOS_DEPLOYMENT_TARGET = 9.1;
				MTL_ENABLE_DEBUG_INFO = NO;
				SDKROOT = iphoneos;
				VALIDATE_PRODUCT = YES;
			};
			name = Release;
		};
		876CA4F91C8B71A3000E4991 /* Debug */ = {
			isa = XCBuildConfiguration;
			buildSettings = {
				ASSETCATALOG_COMPILER_APPICON_NAME = AppIcon;
				INFOPLIST_FILE = "Click Counter/Info.plist";
				LD_RUNPATH_SEARCH_PATHS = "$(inherited) @executable_path/Frameworks";
				PRODUCT_BUNDLE_IDENTIFIER = "com.udacity.Click-Counter";
				PRODUCT_NAME = "$(TARGET_NAME)";
			};
			name = Debug;
		};
		876CA4FA1C8B71A3000E4991 /* Release */ = {
			isa = XCBuildConfiguration;
			buildSettings = {
				ASSETCATALOG_COMPILER_APPICON_NAME = AppIcon;
				INFOPLIST_FILE = "Click Counter/Info.plist";
				LD_RUNPATH_SEARCH_PATHS = "$(inherited) @executable_path/Frameworks";
				PRODUCT_BUNDLE_IDENTIFIER = "com.udacity.Click-Counter";
				PRODUCT_NAME = "$(TARGET_NAME)";
			};
			name = Release;
		};
		876CA4FC1C8B71A3000E4991 /* Debug */ = {
			isa = XCBuildConfiguration;
			buildSettings = {
				BUNDLE_LOADER = "$(TEST_HOST)";
				INFOPLIST_FILE = "Click CounterTests/Info.plist";
				LD_RUNPATH_SEARCH_PATHS = "$(inherited) @executable_path/Frameworks @loader_path/Frameworks";
				PRODUCT_BUNDLE_IDENTIFIER = "com.udacity.Click-CounterTests";
				PRODUCT_NAME = "$(TARGET_NAME)";
				TEST_HOST = "$(BUILT_PRODUCTS_DIR)/Click Counter.app/Click Counter";
			};
			name = Debug;
		};
		876CA4FD1C8B71A3000E4991 /* Release */ = {
			isa = XCBuildConfiguration;
			buildSettings = {
				BUNDLE_LOADER = "$(TEST_HOST)";
				INFOPLIST_FILE = "Click CounterTests/Info.plist";
				LD_RUNPATH_SEARCH_PATHS = "$(inherited) @executable_path/Frameworks @loader_path/Frameworks";
				PRODUCT_BUNDLE_IDENTIFIER = "com.udacity.Click-CounterTests";
				PRODUCT_NAME = "$(TARGET_NAME)";
				TEST_HOST = "$(BUILT_PRODUCTS_DIR)/Click Counter.app/Click Counter";
			};
			name = Release;
		};
		876CA4FF1C8B71A3000E4991 /* Debug */ = {
			isa = XCBuildConfiguration;
			buildSettings = {
				INFOPLIST_FILE = "Click CounterUITests/Info.plist";
				LD_RUNPATH_SEARCH_PATHS = "$(inherited) @executable_path/Frameworks @loader_path/Frameworks";
				PRODUCT_BUNDLE_IDENTIFIER = "com.udacity.Click-CounterUITests";
				PRODUCT_NAME = "$(TARGET_NAME)";
				TEST_TARGET_NAME = "Click Counter";
				USES_XCTRUNNER = YES;
			};
			name = Debug;
		};
		876CA5001C8B71A3000E4991 /* Release */ = {
			isa = XCBuildConfiguration;
			buildSettings = {
				INFOPLIST_FILE = "Click CounterUITests/Info.plist";
				LD_RUNPATH_SEARCH_PATHS = "$(inherited) @executable_path/Frameworks @loader_path/Frameworks";
				PRODUCT_BUNDLE_IDENTIFIER = "com.udacity.Click-CounterUITests";
				PRODUCT_NAME = "$(TARGET_NAME)";
				TEST_TARGET_NAME = "Click Counter";
				USES_XCTRUNNER = YES;
			};
			name = Release;
		};
/* End XCBuildConfiguration section */

/* Begin XCConfigurationList section */
		876CA4CB1C8B71A2000E4991 /* Build configuration list for PBXProject "Click Counter" */ = {
			isa = XCConfigurationList;
			buildConfigurations = (
				876CA4F61C8B71A3000E4991 /* Debug */,
				876CA4F71C8B71A3000E4991 /* Release */,
			);
			defaultConfigurationIsVisible = 0;
			defaultConfigurationName = Release;
		};
		876CA4F81C8B71A3000E4991 /* Build configuration list for PBXNativeTarget "Click Counter" */ = {
			isa = XCConfigurationList;
			buildConfigurations = (
				876CA4F91C8B71A3000E4991 /* Debug */,
				876CA4FA1C8B71A3000E4991 /* Release */,
			);
			defaultConfigurationIsVisible = 0;
		};
		876CA4FB1C8B71A3000E4991 /* Build configuration list for PBXNativeTarget "Click CounterTests" */ = {
			isa = XCConfigurationList;
			buildConfigurations = (
				876CA4FC1C8B71A3000E4991 /* Debug */,
				876CA4FD1C8B71A3000E4991 /* Release */,
			);
			defaultConfigurationIsVisible = 0;
		};
		876CA4FE1C8B71A3000E4991 /* Build configuration list for PBXNativeTarget "Click CounterUITests" */ = {
			isa = XCConfigurationList;
			buildConfigurations = (
				876CA4FF1C8B71A3000E4991 /* Debug */,
				876CA5001C8B71A3000E4991 /* Release */,
			);
			defaultConfigurationIsVisible = 0;
		};
/* End XCConfigurationList section */
	};
	rootObject = 876CA4C81C8B71A2000E4991 /* Project object */;
}
